
Microsoft Visual Studio Solution File, Format Version 12.00
# Visual Studio Version 16
VisualStudioVersion = 16.0.30517.126
MinimumVisualStudioVersion = 10.0.40219.1
Project("{FAE04EC0-301F-11D3-BF4B-00C04F79EFBC}") = "windows10windowManager", "windows10windowManager.csproj", "{833DEB65-5AFF-426E-BC49-3ABCD3D41701}"
EndProject
Project("{9A19103F-16F7-4668-BE54-9A1E7A4F7556}") = "Calculator", "..\inAdvance\Calculator\Calculator\Calculator.csproj", "{B6A98884-4C3F-4DE5-BC1C-286E2BC20690}"
EndProject
Project("{FAE04EC0-301F-11D3-BF4B-00C04F79EFBC}") = "CalculatorLibrary", "..\inAdvance\Calculator\CalculatorLibrary\CalculatorLibrary.csproj", "{695ABEA1-0C0E-4261-A3E2-91105C98C787}"
EndProject
Project("{FAE04EC0-301F-11D3-BF4B-00C04F79EFBC}") = "CalculatorLibraryTests", "..\inAdvance\Calculator\CalculatorLibraryTests\CalculatorLibraryTests.csproj", "{B41FC2FD-3FB5-49C7-AB67-7E56DAF9C4C0}"
EndProject
Global
	GlobalSection(SolutionConfigurationPlatforms) = preSolution
		Debug|Any CPU = Debug|Any CPU
		Release|Any CPU = Release|Any CPU
	EndGlobalSection
	GlobalSection(ProjectConfigurationPlatforms) = postSolution
		{833DEB65-5AFF-426E-BC49-3ABCD3D41701}.Debug|Any CPU.ActiveCfg = Debug|Any CPU
		{833DEB65-5AFF-426E-BC49-3ABCD3D41701}.Debug|Any CPU.Build.0 = Debug|Any CPU
		{833DEB65-5AFF-426E-BC49-3ABCD3D41701}.Release|Any CPU.ActiveCfg = Release|Any CPU
		{833DEB65-5AFF-426E-BC49-3ABCD3D41701}.Release|Any CPU.Build.0 = Release|Any CPU
		{B6A98884-4C3F-4DE5-BC1C-286E2BC20690}.Debug|Any CPU.ActiveCfg = Debug|Any CPU
		{B6A98884-4C3F-4DE5-BC1C-286E2BC20690}.Debug|Any CPU.Build.0 = Debug|Any CPU
		{B6A98884-4C3F-4DE5-BC1C-286E2BC20690}.Release|Any CPU.ActiveCfg = Release|Any CPU
		{B6A98884-4C3F-4DE5-BC1C-286E2BC20690}.Release|Any CPU.Build.0 = Release|Any CPU
		{695ABEA1-0C0E-4261-A3E2-91105C98C787}.Debug|Any CPU.ActiveCfg = Debug|Any CPU
		{695ABEA1-0C0E-4261-A3E2-91105C98C787}.Debug|Any CPU.Build.0 = Debug|Any CPU
		{695ABEA1-0C0E-4261-A3E2-91105C98C787}.Release|Any CPU.ActiveCfg = Release|Any CPU
		{695ABEA1-0C0E-4261-A3E2-91105C98C787}.Release|Any CPU.Build.0 = Release|Any CPU
		{B41FC2FD-3FB5-49C7-AB67-7E56DAF9C4C0}.Debug|Any CPU.ActiveCfg = Debug|Any CPU
		{B41FC2FD-3FB5-49C7-AB67-7E56DAF9C4C0}.Debug|Any CPU.Build.0 = Debug|Any CPU
		{B41FC2FD-3FB5-49C7-AB67-7E56DAF9C4C0}.Release|Any CPU.ActiveCfg = Release|Any CPU
		{B41FC2FD-3FB5-49C7-AB67-7E56DAF9C4C0}.Release|Any CPU.Build.0 = Release|Any CPU
	EndGlobalSection
	GlobalSection(SolutionProperties) = preSolution
		HideSolutionNode = FALSE
	EndGlobalSection
	GlobalSection(ExtensibilityGlobals) = postSolution
		SolutionGuid = {53F98CE5-AC19-4983-868A-345326DDF2EC}
	EndGlobalSection
EndGlobal
